
Microsoft Visual Studio Solution File, Format Version 12.00
# Visual Studio Version 17
VisualStudioVersion = 17.7.34024.191
MinimumVisualStudioVersion = 10.0.40219.1
Project("{FAE04EC0-301F-11D3-BF4B-00C04F79EFBC}") = "APIExample", "APIExample\APIExample.csproj", "{FD4CB759-CB90-4F12-B8AA-813E77D74921}"
EndProject
Global
	GlobalSection(SolutionConfigurationPlatforms) = preSolution
		Debug|Any CPU = Debug|Any CPU
		Release|Any CPU = Release|Any CPU
	EndGlobalSection
	GlobalSection(ProjectConfigurationPlatforms) = postSolution
		{FD4CB759-CB90-4F12-B8AA-813E77D74921}.Debug|Any CPU.ActiveCfg = Debug|Any CPU
		{FD4CB759-CB90-4F12-B8AA-813E77D74921}.Debug|Any CPU.Build.0 = Debug|Any CPU
		{FD4CB759-CB90-4F12-B8AA-813E77D74921}.Release|Any CPU.ActiveCfg = Release|Any CPU
		{FD4CB759-CB90-4F12-B8AA-813E77D74921}.Release|Any CPU.Build.0 = Release|Any CPU
	EndGlobalSection
	GlobalSection(SolutionProperties) = preSolution
		HideSolutionNode = FALSE
	EndGlobalSection
	GlobalSection(ExtensibilityGlobals) = postSolution
		SolutionGuid = {54A483B8-9F3E-4334-83BE-E1E5CDF9805A}
	EndGlobalSection
EndGlobal
